PODS:
  - BGTableViewRowActionWithImage (0.4.4)
  - CoreStore (5.1.1)
  - CryptoSwift (0.11.0)
  - fluid-slider (0.0.6):
    - pop
  - FoldingCell (3.1.4)
  - GradientLoadingBar (1.1.11)
  - Kingfisher (4.8.1)
  - LetterAvatarKit (1.1.4)
  - MarqueeLabel/Swift (3.1.6)
  - NotificationBannerSwift (1.6.3):
    - MarqueeLabel/Swift
    - SnapKit (~> 4.0)
  - Persei (3.1.1)
  - PKHUD (5.1.0)
  - pop (1.0.10)
  - Reachability (3.2)
  - SnapKit (4.0.0)
  - Spotify-iOS-SDK (0.25.0):
    - Spotify-iOS-SDK/Authentication (= 0.25.0)
    - Spotify-iOS-SDK/Metadata (= 0.25.0)
    - Spotify-iOS-SDK/Playback (= 0.25.0)
  - Spotify-iOS-SDK/Authentication (0.25.0)
  - Spotify-iOS-SDK/Metadata (0.25.0)
  - Spotify-iOS-SDK/Playback (0.25.0)
  - SwiftDate (5.0.4)
  - SwiftRandom (1.0.0)
  - WSTagsField (3.1.0)

DEPENDENCIES:
  - BGTableViewRowActionWithImage
  - CoreStore
  - CryptoSwift
  - fluid-slider
  - FoldingCell
  - GradientLoadingBar
  - Kingfisher
  - LetterAvatarKit
  - NotificationBannerSwift
  - Persei (~> 3.0)
  - PKHUD (~> 5.0)
  - Reachability
  - SnapKit
  - Spotify-iOS-SDK
  - SwiftDate (~> 5.0)
  - SwiftRandom
  - WSTagsField (~> 3.1)

SPEC REPOS:
  https://github.com/cocoapods/specs.git:
    - BGTableViewRowActionWithImage
    - CoreStore
    - CryptoSwift
    - fluid-slider
    - FoldingCell
    - GradientLoadingBar
    - Kingfisher
    - LetterAvatarKit
    - MarqueeLabel
    - NotificationBannerSwift
    - Persei
    - PKHUD
    - pop
    - Reachability
    - SnapKit
    - Spotify-iOS-SDK
    - SwiftDate
    - SwiftRandom
    - WSTagsField

SPEC CHECKSUMS:
  BGTableViewRowActionWithImage: 5dbd2542917bc7024084d1c54a1a093b541b3af1
  CoreStore: 40c48542f6d48b825326fbc3a6f5934e3353533b
  CryptoSwift: ad5208dd2aae0a764ea4ce2c2d34bd067cae67f0
  fluid-slider: 3aeb48bd7f875dc0431963fde12674e69c7c0ed2
  FoldingCell: 5f8a482ce0502bc0d5a1732782c305e0cefe6f81
  GradientLoadingBar: d06c05c4732c6a1404d47f33342de8fb3062d5e2
  Kingfisher: 868c1149679a7ab6869be118faa9b5aed154aaf0
  LetterAvatarKit: 47f238b929d99c4216664a6aff151654dcdc71ba
  MarqueeLabel: 0c41f08ef5773e29c0f71064a8fa788a2fd8b365
  NotificationBannerSwift: b231e4c3244848ef300e1c53ce027b9756b9b06f
  Persei: 6d36b54e40eccd437211548d3f897269c85d3a13
  PKHUD: 62ea46a1e88c4def1da784878d199bb54c841e3c
  pop: 82ca6b068ce9278fd350fd9dd09482a0ce9492e6
  Reachability: 33e18b67625424e47b6cde6d202dce689ad7af96
  SnapKit: a42d492c16e80209130a3379f73596c3454b7694
  Spotify-iOS-SDK: 58d4092b225578623dd17029f3c7e7042ac3ef6e
  SwiftDate: d9827f0e7edfeb8be52882beb67e75c773b634c3
  SwiftRandom: 437275c63500ddf5a565cbd56996fb23f12cfc3d
  WSTagsField: 53055749c03769b2b297f2a629ba23a26931e3ff

PODFILE CHECKSUM: 66cfc2f39c1957098b53e2b4df251392c19eddaf

COCOAPODS: 1.5.3
