// !$*UTF8*$!
{
	archiveVersion = 1;
	classes = {
	};
	objectVersion = 46;
	objects = {

/* Begin PBXBuildFile section */
		274870619A13B1E2F6DBFF79 /* Pods_aqoo.framework in Frameworks */ = {isa = PBXBuildFile; fileRef = B2B8C7E3A35BF5D2131839B4 /* Pods_aqoo.framework */; };
		B10198AB2038197400232EB6 /* PlaylistCollectionViewController.swift in Sources */ = {isa = PBXBuildFile; fileRef = B10198AA2038197400232EB6 /* PlaylistCollectionViewController.swift */; };
		B10198AD20381AE900232EB6 /* PlaylistCollectionViewCell.swift in Sources */ = {isa = PBXBuildFile; fileRef = B10198AC20381AE900232EB6 /* PlaylistCollectionViewCell.swift */; };
		B10198AF20381B1A00232EB6 /* PlaylistCollectionViewControllerExt.swift in Sources */ = {isa = PBXBuildFile; fileRef = B10198AE20381B1A00232EB6 /* PlaylistCollectionViewControllerExt.swift */; };
		B11575C3205A7C5800C41F7D /* AppBaseNotification.xib in Resources */ = {isa = PBXBuildFile; fileRef = B11575C2205A7C5800C41F7D /* AppBaseNotification.xib */; };
		B13D6EFF1F91B8A300486487 /* SPFClientPlaylists.swift in Sources */ = {isa = PBXBuildFile; fileRef = B13D6EFE1F91B8A300486487 /* SPFClientPlaylists.swift */; };
		B13D6F021F91BD4E00486487 /* SPFEventNotifier.swift in Sources */ = {isa = PBXBuildFile; fileRef = B13D6F011F91BD4E00486487 /* SPFEventNotifier.swift */; };
		B159C3C120FF5A0E007A460E /* PlaylistContentViewController.swift in Sources */ = {isa = PBXBuildFile; fileRef = B159C3C020FF5A0E007A460E /* PlaylistContentViewController.swift */; };
		B17FC7CD1FF6508D00CA3166 /* CGDim.swift in Sources */ = {isa = PBXBuildFile; fileRef = B17FC7CC1FF6508D00CA3166 /* CGDim.swift */; };
		B17FC7CF1FF918C700CA3166 /* BaseTriangleView.swift in Sources */ = {isa = PBXBuildFile; fileRef = B17FC7CE1FF918C700CA3166 /* BaseTriangleView.swift */; };
		B189892B1F72B98600516A53 /* LoginViewControllerExt.swift in Sources */ = {isa = PBXBuildFile; fileRef = B189892A1F72B98600516A53 /* LoginViewControllerExt.swift */; };
		B189892E1F72B9A800516A53 /* PlaylistViewControllerExt.swift in Sources */ = {isa = PBXBuildFile; fileRef = B189892D1F72B9A800516A53 /* PlaylistViewControllerExt.swift */; };
		B189D4F820165E7D005FC677 /* PlaylistEditViewDetailController.swift in Sources */ = {isa = PBXBuildFile; fileRef = B189D4F720165E7D005FC677 /* PlaylistEditViewDetailController.swift */; };
		B189D4FA20165ECB005FC677 /* PlaylistEditViewDetailControllerExt.swift in Sources */ = {isa = PBXBuildFile; fileRef = B189D4F920165ECB005FC677 /* PlaylistEditViewDetailControllerExt.swift */; };
		B18C61EE20FF6329003C41B4 /* PlaylistContentViewControllerExt.swift in Sources */ = {isa = PBXBuildFile; fileRef = B18C61ED20FF6329003C41B4 /* PlaylistContentViewControllerExt.swift */; };
		B19C526D1F705C3F0064E1A5 /* Keys.plist in Resources */ = {isa = PBXBuildFile; fileRef = B19C526C1F705C3F0064E1A5 /* Keys.plist */; };
		B19C526F1F7060230064E1A5 /* BaseViewController.swift in Sources */ = {isa = PBXBuildFile; fileRef = B19C526E1F7060230064E1A5 /* BaseViewController.swift */; };
		B19DBB0F202A0FEF0072E79C /* StreamFilterMenuItem.swift in Sources */ = {isa = PBXBuildFile; fileRef = B19DBB0E202A0FEF0072E79C /* StreamFilterMenuItem.swift */; };
		B1A117A120F618B3002C4CA9 /* Integer.swift in Sources */ = {isa = PBXBuildFile; fileRef = B1A117A020F618B3002C4CA9 /* Integer.swift */; };
		B1A3D2461F8E3B660098330D /* String.swift in Sources */ = {isa = PBXBuildFile; fileRef = B1A3D2451F8E3B660098330D /* String.swift */; };
		B1A620481F700D820093CAEF /* AppDelegate.swift in Sources */ = {isa = PBXBuildFile; fileRef = B1A620471F700D820093CAEF /* AppDelegate.swift */; };
		B1A6204A1F700D820093CAEF /* LoginViewController.swift in Sources */ = {isa = PBXBuildFile; fileRef = B1A620491F700D820093CAEF /* LoginViewController.swift */; };
		B1A6204D1F700D820093CAEF /* Main.storyboard in Resources */ = {isa = PBXBuildFile; fileRef = B1A6204B1F700D820093CAEF /* Main.storyboard */; };
		B1A620501F700D820093CAEF /* aqoo.xcdatamodeld in Sources */ = {isa = PBXBuildFile; fileRef = B1A6204E1F700D820093CAEF /* aqoo.xcdatamodeld */; };
		B1A620521F700D820093CAEF /* Assets.xcassets in Resources */ = {isa = PBXBuildFile; fileRef = B1A620511F700D820093CAEF /* Assets.xcassets */; };
		B1A620551F700D820093CAEF /* LaunchScreen.storyboard in Resources */ = {isa = PBXBuildFile; fileRef = B1A620531F700D820093CAEF /* LaunchScreen.storyboard */; };
		B1A620601F700D820093CAEF /* aqooTests.swift in Sources */ = {isa = PBXBuildFile; fileRef = B1A6205F1F700D820093CAEF /* aqooTests.swift */; };
		B1A6206B1F700D820093CAEF /* aqooUITests.swift in Sources */ = {isa = PBXBuildFile; fileRef = B1A6206A1F700D820093CAEF /* aqooUITests.swift */; };
		B1A7E0262040C0B100A9805C /* StreamProviderConfig.swift in Sources */ = {isa = PBXBuildFile; fileRef = B1A7E0252040C0B100A9805C /* StreamProviderConfig.swift */; };
		B1B8DD22202E189A008CE9EB /* PlaylistFilterNotification.xib in Resources */ = {isa = PBXBuildFile; fileRef = B1B8DD21202E189A008CE9EB /* PlaylistFilterNotification.xib */; };
		B1B8DD24202E1A1F008CE9EB /* PlaylistFilterNotification.swift in Sources */ = {isa = PBXBuildFile; fileRef = B1B8DD23202E1A1F008CE9EB /* PlaylistFilterNotification.swift */; };
		B1B8DD26202E1EE3008CE9EB /* UIView.swift in Sources */ = {isa = PBXBuildFile; fileRef = B1B8DD25202E1EE3008CE9EB /* UIView.swift */; };
		B1B8DD28202E5756008CE9EB /* Dictionary.swift in Sources */ = {isa = PBXBuildFile; fileRef = B1B8DD27202E5756008CE9EB /* Dictionary.swift */; };
		B1BBECEA1F92488D00BD9D39 /* PlaylistTableCell.xib in Resources */ = {isa = PBXBuildFile; fileRef = B1BBECE91F92488D00BD9D39 /* PlaylistTableCell.xib */; };
		B1BBECEE1F93642B00BD9D39 /* UILabel.swift in Sources */ = {isa = PBXBuildFile; fileRef = B1BBECED1F93642B00BD9D39 /* UILabel.swift */; };
		B1BD1EE81F778621001FC294 /* StreamPlayList.swift in Sources */ = {isa = PBXBuildFile; fileRef = B1BD1EE71F778621001FC294 /* StreamPlayList.swift */; };
		B1BD1EEA1F778646001FC294 /* StreamProvider.swift in Sources */ = {isa = PBXBuildFile; fileRef = B1BD1EE91F778646001FC294 /* StreamProvider.swift */; };
		B1C4B05120F48AB600E43D89 /* StreamPlayListTags.swift in Sources */ = {isa = PBXBuildFile; fileRef = B1C4B05020F48AB600E43D89 /* StreamPlayListTags.swift */; };
		B1C4B05320F4D05E00E43D89 /* PlaylistViewUpdateDelegate.swift in Sources */ = {isa = PBXBuildFile; fileRef = B1C4B05220F4D05E00E43D89 /* PlaylistViewUpdateDelegate.swift */; };
		B1CDAA9A1FFE84DF008138F1 /* UITableView.swift in Sources */ = {isa = PBXBuildFile; fileRef = B1CDAA991FFE84DF008138F1 /* UITableView.swift */; };
		B1CDAA9C1FFF74B4008138F1 /* PlaylistEditViewController.swift in Sources */ = {isa = PBXBuildFile; fileRef = B1CDAA9B1FFF74B4008138F1 /* PlaylistEditViewController.swift */; };
		B1CDAA9E1FFF74ED008138F1 /* PlaylistEditViewControllerExt.swift in Sources */ = {isa = PBXBuildFile; fileRef = B1CDAA9D1FFF74ED008138F1 /* PlaylistEditViewControllerExt.swift */; };
		B1CDAAA02000D4F5008138F1 /* NSDate.swift in Sources */ = {isa = PBXBuildFile; fileRef = B1CDAA9F2000D4F5008138F1 /* NSDate.swift */; };
		B1CFA8AB1F93971C00F96FAC /* PlaylistTableFoldingCell.swift in Sources */ = {isa = PBXBuildFile; fileRef = B1CFA8AA1F93971C00F96FAC /* PlaylistTableFoldingCell.swift */; };
		B1D33DD020D17A3800DCDC5F /* PlaylistEditViewTabBarController.swift in Sources */ = {isa = PBXBuildFile; fileRef = B1D33DCF20D17A3800DCDC5F /* PlaylistEditViewTabBarController.swift */; };
		B1D33DD220D17F2D00DCDC5F /* PlaylistEditViewFirstPage.swift in Sources */ = {isa = PBXBuildFile; fileRef = B1D33DD120D17F2D00DCDC5F /* PlaylistEditViewFirstPage.swift */; };
		B1D33DD420D1822400DCDC5F /* BasePlaylistEditViewController.swift in Sources */ = {isa = PBXBuildFile; fileRef = B1D33DD320D1822400DCDC5F /* BasePlaylistEditViewController.swift */; };
		B1D33DD620D18AC100DCDC5F /* PlaylistEditViewSecondPage.swift in Sources */ = {isa = PBXBuildFile; fileRef = B1D33DD520D18AC100DCDC5F /* PlaylistEditViewSecondPage.swift */; };
		B1D33DD820D18B1000DCDC5F /* PlaylistEditViewThirdPage.swift in Sources */ = {isa = PBXBuildFile; fileRef = B1D33DD720D18B1000DCDC5F /* PlaylistEditViewThirdPage.swift */; };
		B1D45005204AC5E300B1BAF4 /* PlaylistMusicIndicatorView.swift in Sources */ = {isa = PBXBuildFile; fileRef = B1D45004204AC5E300B1BAF4 /* PlaylistMusicIndicatorView.swift */; };
		B1D45007204AC5F900B1BAF4 /* PlaylistMusicIndicatorContentView.swift in Sources */ = {isa = PBXBuildFile; fileRef = B1D45006204AC5F900B1BAF4 /* PlaylistMusicIndicatorContentView.swift */; };
		B1D4CE4C1F936A94005D8F50 /* PlaylistTableCell.swift in Sources */ = {isa = PBXBuildFile; fileRef = B1D4CE4B1F936A94005D8F50 /* PlaylistTableCell.swift */; };
		B1D4EAB61F71683200939998 /* WebViewController.swift in Sources */ = {isa = PBXBuildFile; fileRef = B1D4EAB51F71683200939998 /* WebViewController.swift */; };
		B1D6A3951F90FE6A006E1DBC /* SpotifyClient.swift in Sources */ = {isa = PBXBuildFile; fileRef = B1D6A3941F90FE6A006E1DBC /* SpotifyClient.swift */; };
		B1E2DA0C1F796BF400BA78E7 /* SPFPartialPlaylistExt.swift in Sources */ = {isa = PBXBuildFile; fileRef = B1E2DA0B1F796BF400BA78E7 /* SPFPartialPlaylistExt.swift */; };
		B1F367F120FE083F00C3C21C /* PlaylistEditViewFirstPageExt.swift in Sources */ = {isa = PBXBuildFile; fileRef = B1F367F020FE083F00C3C21C /* PlaylistEditViewFirstPageExt.swift */; };
		B1F367F320FE0AAD00C3C21C /* PlaylistEditViewSecondPageExt.swift in Sources */ = {isa = PBXBuildFile; fileRef = B1F367F220FE0AAD00C3C21C /* PlaylistEditViewSecondPageExt.swift */; };
		B1F367F520FE0B3300C3C21C /* PlaylistEditViewThirdPageExt.swift in Sources */ = {isa = PBXBuildFile; fileRef = B1F367F420FE0B3300C3C21C /* PlaylistEditViewThirdPageExt.swift */; };
		B1F88B731F7033450005FE43 /* PlaylistViewController.swift in Sources */ = {isa = PBXBuildFile; fileRef = B1F88B721F7033450005FE43 /* PlaylistViewController.swift */; };
		B1F88B7D1F7045C10005FE43 /* UIColor.swift in Sources */ = {isa = PBXBuildFile; fileRef = B1F88B7C1F7045C10005FE43 /* UIColor.swift */; };
		B1F88B7F1F7045E80005FE43 /* UIImage.swift in Sources */ = {isa = PBXBuildFile; fileRef = B1F88B7E1F7045E80005FE43 /* UIImage.swift */; };
/* End PBXBuildFile section */

/* Begin PBXContainerItemProxy section */
		B1A6205C1F700D820093CAEF /* PBXContainerItemProxy */ = {
			isa = PBXContainerItemProxy;
			containerPortal = B1A6203C1F700D820093CAEF /* Project object */;
			proxyType = 1;
			remoteGlobalIDString = B1A620431F700D820093CAEF;
			remoteInfo = aqoo;
		};
		B1A620671F700D820093CAEF /* PBXContainerItemProxy */ = {
			isa = PBXContainerItemProxy;
			containerPortal = B1A6203C1F700D820093CAEF /* Project object */;
			proxyType = 1;
			remoteGlobalIDString = B1A620431F700D820093CAEF;
			remoteInfo = aqoo;
		};
/* End PBXContainerItemProxy section */

/* Begin PBXFileReference section */
		670C25FE154DA39F400F13F6 /* Pods-aqoo.release.xcconfig */ = {isa = PBXFileReference; includeInIndex = 1; lastKnownFileType = text.xcconfig; name = "Pods-aqoo.release.xcconfig"; path = "Pods/Target Support Files/Pods-aqoo/Pods-aqoo.release.xcconfig"; sourceTree = "<group>"; };
		B10198AA2038197400232EB6 /* PlaylistCollectionViewController.swift */ = {isa = PBXFileReference; lastKnownFileType = sourcecode.swift; path = PlaylistCollectionViewController.swift; sourceTree = "<group>"; };
		B10198AC20381AE900232EB6 /* PlaylistCollectionViewCell.swift */ = {isa = PBXFileReference; lastKnownFileType = sourcecode.swift; path = PlaylistCollectionViewCell.swift; sourceTree = "<group>"; };
		B10198AE20381B1A00232EB6 /* PlaylistCollectionViewControllerExt.swift */ = {isa = PBXFileReference; lastKnownFileType = sourcecode.swift; path = PlaylistCollectionViewControllerExt.swift; sourceTree = "<group>"; };
		B11575C2205A7C5800C41F7D /* AppBaseNotification.xib */ = {isa = PBXFileReference; lastKnownFileType = file.xib; path = AppBaseNotification.xib; sourceTree = "<group>"; };
		B13D6EFE1F91B8A300486487 /* SPFClientPlaylists.swift */ = {isa = PBXFileReference; lastKnownFileType = sourcecode.swift; path = SPFClientPlaylists.swift; sourceTree = "<group>"; };
		B13D6F011F91BD4E00486487 /* SPFEventNotifier.swift */ = {isa = PBXFileReference; lastKnownFileType = sourcecode.swift; path = SPFEventNotifier.swift; sourceTree = "<group>"; };
		B155CD7E200916A600CEC786 /* fluid_slider.framework */ = {isa = PBXFileReference; explicitFileType = wrapper.framework; path = fluid_slider.framework; sourceTree = BUILT_PRODUCTS_DIR; };
		B159C3C020FF5A0E007A460E /* PlaylistContentViewController.swift */ = {isa = PBXFileReference; lastKnownFileType = sourcecode.swift; path = PlaylistContentViewController.swift; sourceTree = "<group>"; };
		B17FC7CC1FF6508D00CA3166 /* CGDim.swift */ = {isa = PBXFileReference; lastKnownFileType = sourcecode.swift; path = CGDim.swift; sourceTree = "<group>"; };
		B17FC7CE1FF918C700CA3166 /* BaseTriangleView.swift */ = {isa = PBXFileReference; lastKnownFileType = sourcecode.swift; path = BaseTriangleView.swift; sourceTree = "<group>"; };
		B181B06C1F717C8200F29E8C /* AVFoundation.framework */ = {isa = PBXFileReference; lastKnownFileType = wrapper.framework; name = AVFoundation.framework; path = System/Library/Frameworks/AVFoundation.framework; sourceTree = SDKROOT; };
		B181B06E1F717C9100F29E8C /* Spotify.framework */ = {isa = PBXFileReference; lastKnownFileType = wrapper.framework; name = Spotify.framework; path = "../../../../../../../Library/Developer/Xcode/DerivedData/aqoo-cpdybjroehrohedthosfkrarpbuw/Build/Products/Debug-iphonesimulator/Spotify-iOS-SDK/Spotify.framework"; sourceTree = "<group>"; };
		B181B0701F717CA100F29E8C /* SystemConfiguration.framework */ = {isa = PBXFileReference; lastKnownFileType = wrapper.framework; name = SystemConfiguration.framework; path = System/Library/Frameworks/SystemConfiguration.framework; sourceTree = SDKROOT; };
		B189892A1F72B98600516A53 /* LoginViewControllerExt.swift */ = {isa = PBXFileReference; fileEncoding = 4; lastKnownFileType = sourcecode.swift; path = LoginViewControllerExt.swift; sourceTree = "<group>"; };
		B189892D1F72B9A800516A53 /* PlaylistViewControllerExt.swift */ = {isa = PBXFileReference; fileEncoding = 4; lastKnownFileType = sourcecode.swift; path = PlaylistViewControllerExt.swift; sourceTree = "<group>"; };
		B189D4F720165E7D005FC677 /* PlaylistEditViewDetailController.swift */ = {isa = PBXFileReference; lastKnownFileType = sourcecode.swift; path = PlaylistEditViewDetailController.swift; sourceTree = "<group>"; };
		B189D4F920165ECB005FC677 /* PlaylistEditViewDetailControllerExt.swift */ = {isa = PBXFileReference; lastKnownFileType = sourcecode.swift; path = PlaylistEditViewDetailControllerExt.swift; sourceTree = "<group>"; };
		B18C61ED20FF6329003C41B4 /* PlaylistContentViewControllerExt.swift */ = {isa = PBXFileReference; lastKnownFileType = sourcecode.swift; path = PlaylistContentViewControllerExt.swift; sourceTree = "<group>"; };
		B19C526C1F705C3F0064E1A5 /* Keys.plist */ = {isa = PBXFileReference; fileEncoding = 4; lastKnownFileType = text.plist.xml; path = Keys.plist; sourceTree = "<group>"; };
		B19C526E1F7060230064E1A5 /* BaseViewController.swift */ = {isa = PBXFileReference; fileEncoding = 4; lastKnownFileType = sourcecode.swift; path = BaseViewController.swift; sourceTree = "<group>"; };
		B19DBB0E202A0FEF0072E79C /* StreamFilterMenuItem.swift */ = {isa = PBXFileReference; lastKnownFileType = sourcecode.swift; path = StreamFilterMenuItem.swift; sourceTree = "<group>"; };
		B1A117A020F618B3002C4CA9 /* Integer.swift */ = {isa = PBXFileReference; lastKnownFileType = sourcecode.swift; path = Integer.swift; sourceTree = "<group>"; };
		B1A3D2451F8E3B660098330D /* String.swift */ = {isa = PBXFileReference; lastKnownFileType = sourcecode.swift; path = String.swift; sourceTree = "<group>"; };
		B1A620441F700D820093CAEF /* aqoo.app */ = {isa = PBXFileReference; explicitFileType = wrapper.application; includeInIndex = 0; path = aqoo.app; sourceTree = BUILT_PRODUCTS_DIR; };
		B1A620471F700D820093CAEF /* AppDelegate.swift */ = {isa = PBXFileReference; lastKnownFileType = sourcecode.swift; path = AppDelegate.swift; sourceTree = "<group>"; };
		B1A620491F700D820093CAEF /* LoginViewController.swift */ = {isa = PBXFileReference; lastKnownFileType = sourcecode.swift; path = LoginViewController.swift; sourceTree = "<group>"; };
		B1A6204C1F700D820093CAEF /* Base */ = {isa = PBXFileReference; lastKnownFileType = file.storyboard; name = Base; path = Base.lproj/Main.storyboard; sourceTree = "<group>"; };
		B1A6204F1F700D820093CAEF /* aqoo.xcdatamodel */ = {isa = PBXFileReference; lastKnownFileType = wrapper.xcdatamodel; path = aqoo.xcdatamodel; sourceTree = "<group>"; };
		B1A620511F700D820093CAEF /* Assets.xcassets */ = {isa = PBXFileReference; lastKnownFileType = folder.assetcatalog; path = Assets.xcassets; sourceTree = "<group>"; };
		B1A620541F700D820093CAEF /* Base */ = {isa = PBXFileReference; lastKnownFileType = file.storyboard; name = Base; path = Base.lproj/LaunchScreen.storyboard; sourceTree = "<group>"; };
		B1A620561F700D820093CAEF /* Info.plist */ = {isa = PBXFileReference; lastKnownFileType = text.plist.xml; path = Info.plist; sourceTree = "<group>"; };
		B1A6205B1F700D820093CAEF /* aqooTests.xctest */ = {isa = PBXFileReference; explicitFileType = wrapper.cfbundle; includeInIndex = 0; path = aqooTests.xctest; sourceTree = BUILT_PRODUCTS_DIR; };
		B1A6205F1F700D820093CAEF /* aqooTests.swift */ = {isa = PBXFileReference; lastKnownFileType = sourcecode.swift; path = aqooTests.swift; sourceTree = "<group>"; };
		B1A620611F700D820093CAEF /* Info.plist */ = {isa = PBXFileReference; lastKnownFileType = text.plist.xml; path = Info.plist; sourceTree = "<group>"; };
		B1A620661F700D820093CAEF /* aqooUITests.xctest */ = {isa = PBXFileReference; explicitFileType = wrapper.cfbundle; includeInIndex = 0; path = aqooUITests.xctest; sourceTree = BUILT_PRODUCTS_DIR; };
		B1A6206A1F700D820093CAEF /* aqooUITests.swift */ = {isa = PBXFileReference; lastKnownFileType = sourcecode.swift; path = aqooUITests.swift; sourceTree = "<group>"; };
		B1A6206C1F700D820093CAEF /* Info.plist */ = {isa = PBXFileReference; lastKnownFileType = text.plist.xml; path = Info.plist; sourceTree = "<group>"; };
		B1A7E0252040C0B100A9805C /* StreamProviderConfig.swift */ = {isa = PBXFileReference; lastKnownFileType = sourcecode.swift; path = StreamProviderConfig.swift; sourceTree = "<group>"; };
		B1B8DD21202E189A008CE9EB /* PlaylistFilterNotification.xib */ = {isa = PBXFileReference; lastKnownFileType = file.xib; path = PlaylistFilterNotification.xib; sourceTree = "<group>"; };
		B1B8DD23202E1A1F008CE9EB /* PlaylistFilterNotification.swift */ = {isa = PBXFileReference; lastKnownFileType = sourcecode.swift; path = PlaylistFilterNotification.swift; sourceTree = "<group>"; };
		B1B8DD25202E1EE3008CE9EB /* UIView.swift */ = {isa = PBXFileReference; lastKnownFileType = sourcecode.swift; path = UIView.swift; sourceTree = "<group>"; };
		B1B8DD27202E5756008CE9EB /* Dictionary.swift */ = {isa = PBXFileReference; lastKnownFileType = sourcecode.swift; path = Dictionary.swift; sourceTree = "<group>"; };
		B1BBECE91F92488D00BD9D39 /* PlaylistTableCell.xib */ = {isa = PBXFileReference; lastKnownFileType = file.xib; path = PlaylistTableCell.xib; sourceTree = "<group>"; };
		B1BBECED1F93642B00BD9D39 /* UILabel.swift */ = {isa = PBXFileReference; lastKnownFileType = sourcecode.swift; path = UILabel.swift; sourceTree = "<group>"; };
		B1BD1EE71F778621001FC294 /* StreamPlayList.swift */ = {isa = PBXFileReference; fileEncoding = 4; lastKnownFileType = sourcecode.swift; path = StreamPlayList.swift; sourceTree = "<group>"; };
		B1BD1EE91F778646001FC294 /* StreamProvider.swift */ = {isa = PBXFileReference; fileEncoding = 4; lastKnownFileType = sourcecode.swift; path = StreamProvider.swift; sourceTree = "<group>"; };
		B1C4B05020F48AB600E43D89 /* StreamPlayListTags.swift */ = {isa = PBXFileReference; lastKnownFileType = sourcecode.swift; path = StreamPlayListTags.swift; sourceTree = "<group>"; };
		B1C4B05220F4D05E00E43D89 /* PlaylistViewUpdateDelegate.swift */ = {isa = PBXFileReference; lastKnownFileType = sourcecode.swift; path = PlaylistViewUpdateDelegate.swift; sourceTree = "<group>"; };
		B1CDAA991FFE84DF008138F1 /* UITableView.swift */ = {isa = PBXFileReference; lastKnownFileType = sourcecode.swift; path = UITableView.swift; sourceTree = "<group>"; };
		B1CDAA9B1FFF74B4008138F1 /* PlaylistEditViewController.swift */ = {isa = PBXFileReference; lastKnownFileType = sourcecode.swift; path = PlaylistEditViewController.swift; sourceTree = "<group>"; };
		B1CDAA9D1FFF74ED008138F1 /* PlaylistEditViewControllerExt.swift */ = {isa = PBXFileReference; lastKnownFileType = sourcecode.swift; path = PlaylistEditViewControllerExt.swift; sourceTree = "<group>"; };
		B1CDAA9F2000D4F5008138F1 /* NSDate.swift */ = {isa = PBXFileReference; lastKnownFileType = sourcecode.swift; path = NSDate.swift; sourceTree = "<group>"; };
		B1CFA8AA1F93971C00F96FAC /* PlaylistTableFoldingCell.swift */ = {isa = PBXFileReference; lastKnownFileType = sourcecode.swift; path = PlaylistTableFoldingCell.swift; sourceTree = "<group>"; };
		B1D33DCF20D17A3800DCDC5F /* PlaylistEditViewTabBarController.swift */ = {isa = PBXFileReference; lastKnownFileType = sourcecode.swift; path = PlaylistEditViewTabBarController.swift; sourceTree = "<group>"; };
		B1D33DD120D17F2D00DCDC5F /* PlaylistEditViewFirstPage.swift */ = {isa = PBXFileReference; lastKnownFileType = sourcecode.swift; path = PlaylistEditViewFirstPage.swift; sourceTree = "<group>"; };
		B1D33DD320D1822400DCDC5F /* BasePlaylistEditViewController.swift */ = {isa = PBXFileReference; lastKnownFileType = sourcecode.swift; path = BasePlaylistEditViewController.swift; sourceTree = "<group>"; };
		B1D33DD520D18AC100DCDC5F /* PlaylistEditViewSecondPage.swift */ = {isa = PBXFileReference; lastKnownFileType = sourcecode.swift; path = PlaylistEditViewSecondPage.swift; sourceTree = "<group>"; };
		B1D33DD720D18B1000DCDC5F /* PlaylistEditViewThirdPage.swift */ = {isa = PBXFileReference; lastKnownFileType = sourcecode.swift; path = PlaylistEditViewThirdPage.swift; sourceTree = "<group>"; };
		B1D45004204AC5E300B1BAF4 /* PlaylistMusicIndicatorView.swift */ = {isa = PBXFileReference; lastKnownFileType = sourcecode.swift; path = PlaylistMusicIndicatorView.swift; sourceTree = "<group>"; };
		B1D45006204AC5F900B1BAF4 /* PlaylistMusicIndicatorContentView.swift */ = {isa = PBXFileReference; lastKnownFileType = sourcecode.swift; path = PlaylistMusicIndicatorContentView.swift; sourceTree = "<group>"; };
		B1D4CE4B1F936A94005D8F50 /* PlaylistTableCell.swift */ = {isa = PBXFileReference; lastKnownFileType = sourcecode.swift; path = PlaylistTableCell.swift; sourceTree = "<group>"; };
		B1D4EAB51F71683200939998 /* WebViewController.swift */ = {isa = PBXFileReference; fileEncoding = 4; lastKnownFileType = sourcecode.swift; path = WebViewController.swift; sourceTree = "<group>"; };
		B1D6A3941F90FE6A006E1DBC /* SpotifyClient.swift */ = {isa = PBXFileReference; lastKnownFileType = sourcecode.swift; path = SpotifyClient.swift; sourceTree = "<group>"; };
		B1E2DA0B1F796BF400BA78E7 /* SPFPartialPlaylistExt.swift */ = {isa = PBXFileReference; fileEncoding = 4; lastKnownFileType = sourcecode.swift; path = SPFPartialPlaylistExt.swift; sourceTree = "<group>"; };
		B1F367F020FE083F00C3C21C /* PlaylistEditViewFirstPageExt.swift */ = {isa = PBXFileReference; lastKnownFileType = sourcecode.swift; path = PlaylistEditViewFirstPageExt.swift; sourceTree = "<group>"; };
		B1F367F220FE0AAD00C3C21C /* PlaylistEditViewSecondPageExt.swift */ = {isa = PBXFileReference; lastKnownFileType = sourcecode.swift; path = PlaylistEditViewSecondPageExt.swift; sourceTree = "<group>"; };
		B1F367F420FE0B3300C3C21C /* PlaylistEditViewThirdPageExt.swift */ = {isa = PBXFileReference; lastKnownFileType = sourcecode.swift; path = PlaylistEditViewThirdPageExt.swift; sourceTree = "<group>"; };
		B1F88B721F7033450005FE43 /* PlaylistViewController.swift */ = {isa = PBXFileReference; fileEncoding = 4; lastKnownFileType = sourcecode.swift; path = PlaylistViewController.swift; sourceTree = "<group>"; };
		B1F88B7C1F7045C10005FE43 /* UIColor.swift */ = {isa = PBXFileReference; fileEncoding = 4; lastKnownFileType = sourcecode.swift; path = UIColor.swift; sourceTree = "<group>"; };
		B1F88B7E1F7045E80005FE43 /* UIImage.swift */ = {isa = PBXFileReference; fileEncoding = 4; lastKnownFileType = sourcecode.swift; path = UIImage.swift; sourceTree = "<group>"; };
		B2B8C7E3A35BF5D2131839B4 /* Pods_aqoo.framework */ = {isa = PBXFileReference; explicitFileType = wrapper.framework; includeInIndex = 0; path = Pods_aqoo.framework; sourceTree = BUILT_PRODUCTS_DIR; };
		FF148C225F4CDC81757308B8 /* Pods-aqoo.debug.xcconfig */ = {isa = PBXFileReference; includeInIndex = 1; lastKnownFileType = text.xcconfig; name = "Pods-aqoo.debug.xcconfig"; path = "Pods/Target Support Files/Pods-aqoo/Pods-aqoo.debug.xcconfig"; sourceTree = "<group>"; };
/* End PBXFileReference section */

/* Begin PBXFrameworksBuildPhase section */
		B1A620411F700D820093CAEF /* Frameworks */ = {
			isa = PBXFrameworksBuildPhase;
			buildActionMask = 2147483647;
			files = (
				274870619A13B1E2F6DBFF79 /* Pods_aqoo.framework in Frameworks */,
			);
			runOnlyForDeploymentPostprocessing = 0;
		};
		B1A620581F700D820093CAEF /* Frameworks */ = {
			isa = PBXFrameworksBuildPhase;
			buildActionMask = 2147483647;
			files = (
			);
			runOnlyForDeploymentPostprocessing = 0;
		};
		B1A620631F700D820093CAEF /* Frameworks */ = {
			isa = PBXFrameworksBuildPhase;
			buildActionMask = 2147483647;
			files = (
			);
			runOnlyForDeploymentPostprocessing = 0;
		};
/* End PBXFrameworksBuildPhase section */

/* Begin PBXGroup section */
		1A1B1BA17A91FCB83ADF6709 /* Frameworks */ = {
			isa = PBXGroup;
			children = (
				B155CD7E200916A600CEC786 /* fluid_slider.framework */,
				B181B0701F717CA100F29E8C /* SystemConfiguration.framework */,
				B181B06E1F717C9100F29E8C /* Spotify.framework */,
				B181B06C1F717C8200F29E8C /* AVFoundation.framework */,
				B2B8C7E3A35BF5D2131839B4 /* Pods_aqoo.framework */,
			);
			name = Frameworks;
			sourceTree = "<group>";
		};
		21306780A05307DF283AC618 /* Pods */ = {
			isa = PBXGroup;
			children = (
				FF148C225F4CDC81757308B8 /* Pods-aqoo.debug.xcconfig */,
				670C25FE154DA39F400F13F6 /* Pods-aqoo.release.xcconfig */,
			);
			name = Pods;
			sourceTree = "<group>";
		};
		B10198A72030EC3500232EB6 /* adorable.io */ = {
			isa = PBXGroup;
			children = (
			);
			name = adorable.io;
			sourceTree = "<group>";
		};
		B119C20C201C75E5009B78BF /* delegates */ = {
			isa = PBXGroup;
			children = (
				B1C4B05220F4D05E00E43D89 /* PlaylistViewUpdateDelegate.swift */,
			);
			name = delegates;
			sourceTree = "<group>";
		};
		B129B9332042CA5300D7F589 /* protocol */ = {
			isa = PBXGroup;
			children = (
			);
			name = protocol;
			sourceTree = "<group>";
		};
		B13D6EFC1F91B6AB00486487 /* _playlists */ = {
			isa = PBXGroup;
			children = (
				B13D6EFE1F91B8A300486487 /* SPFClientPlaylists.swift */,
			);
			name = _playlists;
			sourceTree = "<group>";
		};
		B13D6EFD1F91B6C500486487 /* _player */ = {
			isa = PBXGroup;
			children = (
			);
			name = _player;
			sourceTree = "<group>";
		};
		B13D6F001F91BD3D00486487 /* _events */ = {
			isa = PBXGroup;
			children = (
				B13D6F011F91BD4E00486487 /* SPFEventNotifier.swift */,
			);
			name = _events;
			sourceTree = "<group>";
		};
		B13D6F031F91BDC500486487 /* _session */ = {
			isa = PBXGroup;
			children = (
			);
			name = _session;
			sourceTree = "<group>";
		};
		B1891D4B1FA74CAE009E463C /* Core */ = {
			isa = PBXGroup;
			children = (
				B19DBB0E202A0FEF0072E79C /* StreamFilterMenuItem.swift */,
			);
			name = Core;
			sourceTree = "<group>";
		};
		B18989271F72B95000516A53 /* _login */ = {
			isa = PBXGroup;
			children = (
				B18989291F72B97000516A53 /* extension */,
				B1A620491F700D820093CAEF /* LoginViewController.swift */,
			);
			name = _login;
			sourceTree = "<group>";
		};
		B18989281F72B95C00516A53 /* _playlists */ = {
			isa = PBXGroup;
			children = (
				B189892C1F72B99300516A53 /* extension */,
				B1F88B721F7033450005FE43 /* PlaylistViewController.swift */,
				B1CDAA9B1FFF74B4008138F1 /* PlaylistEditViewController.swift */,
				B189D4F720165E7D005FC677 /* PlaylistEditViewDetailController.swift */,
				B10198AA2038197400232EB6 /* PlaylistCollectionViewController.swift */,
				B1D33DCF20D17A3800DCDC5F /* PlaylistEditViewTabBarController.swift */,
				B1D33DD120D17F2D00DCDC5F /* PlaylistEditViewFirstPage.swift */,
				B1D33DD520D18AC100DCDC5F /* PlaylistEditViewSecondPage.swift */,
				B1D33DD720D18B1000DCDC5F /* PlaylistEditViewThirdPage.swift */,
				B159C3C020FF5A0E007A460E /* PlaylistContentViewController.swift */,
			);
			name = _playlists;
			sourceTree = "<group>";
		};
		B18989291F72B97000516A53 /* extension */ = {
			isa = PBXGroup;
			children = (
				B189892A1F72B98600516A53 /* LoginViewControllerExt.swift */,
			);
			name = extension;
			sourceTree = "<group>";
		};
		B189892C1F72B99300516A53 /* extension */ = {
			isa = PBXGroup;
			children = (
				B189892D1F72B9A800516A53 /* PlaylistViewControllerExt.swift */,
				B1CDAA9D1FFF74ED008138F1 /* PlaylistEditViewControllerExt.swift */,
				B189D4F920165ECB005FC677 /* PlaylistEditViewDetailControllerExt.swift */,
				B10198AE20381B1A00232EB6 /* PlaylistCollectionViewControllerExt.swift */,
				B1F367F020FE083F00C3C21C /* PlaylistEditViewFirstPageExt.swift */,
				B1F367F220FE0AAD00C3C21C /* PlaylistEditViewSecondPageExt.swift */,
				B1F367F420FE0B3300C3C21C /* PlaylistEditViewThirdPageExt.swift */,
				B18C61ED20FF6329003C41B4 /* PlaylistContentViewControllerExt.swift */,
			);
			name = extension;
			sourceTree = "<group>";
		};
		B19C52691F7046700064E1A5 /* base */ = {
			isa = PBXGroup;
			children = (
				B1D4EAB51F71683200939998 /* WebViewController.swift */,
				B19C526E1F7060230064E1A5 /* BaseViewController.swift */,
				B1D33DD320D1822400DCDC5F /* BasePlaylistEditViewController.swift */,
			);
			name = base;
			sourceTree = "<group>";
		};
		B1A6203B1F700D820093CAEF = {
			isa = PBXGroup;
			children = (
				B1A620461F700D820093CAEF /* aqoo */,
				B1A6205E1F700D820093CAEF /* aqooTests */,
				B1A620691F700D820093CAEF /* aqooUITests */,
				B1A620451F700D820093CAEF /* Products */,
				21306780A05307DF283AC618 /* Pods */,
				1A1B1BA17A91FCB83ADF6709 /* Frameworks */,
			);
			sourceTree = "<group>";
		};
		B1A620451F700D820093CAEF /* Products */ = {
			isa = PBXGroup;
			children = (
				B1A620441F700D820093CAEF /* aqoo.app */,
				B1A6205B1F700D820093CAEF /* aqooTests.xctest */,
				B1A620661F700D820093CAEF /* aqooUITests.xctest */,
			);
			name = Products;
			sourceTree = "<group>";
		};
		B1A620461F700D820093CAEF /* aqoo */ = {
			isa = PBXGroup;
			children = (
				B1F88B781F7045580005FE43 /* model */,
				B1F88B751F7034DA0005FE43 /* views */,
				B1F88B791F70458E0005FE43 /* controller */,
				B1F88B741F7034BD0005FE43 /* resources */,
				B1A620471F700D820093CAEF /* AppDelegate.swift */,
				B1A6204E1F700D820093CAEF /* aqoo.xcdatamodeld */,
			);
			path = aqoo;
			sourceTree = "<group>";
		};
		B1A6205E1F700D820093CAEF /* aqooTests */ = {
			isa = PBXGroup;
			children = (
				B1A6205F1F700D820093CAEF /* aqooTests.swift */,
				B1A620611F700D820093CAEF /* Info.plist */,
			);
			path = aqooTests;
			sourceTree = "<group>";
		};
		B1A620691F700D820093CAEF /* aqooUITests */ = {
			isa = PBXGroup;
			children = (
				B1A6206A1F700D820093CAEF /* aqooUITests.swift */,
				B1A6206C1F700D820093CAEF /* Info.plist */,
			);
			path = aqooUITests;
			sourceTree = "<group>";
		};
		B1B4A0BF1FFCBE8B00E83E92 /* _profile */ = {
			isa = PBXGroup;
			children = (
			);
			name = _profile;
			sourceTree = "<group>";
		};
		B1BD1EE61F7785F9001FC294 /* data */ = {
			isa = PBXGroup;
			children = (
				B1D6A3961F910F74006E1DBC /* extension */,
				B1BD1EE71F778621001FC294 /* StreamPlayList.swift */,
				B1C4B05020F48AB600E43D89 /* StreamPlayListTags.swift */,
				B1BD1EE91F778646001FC294 /* StreamProvider.swift */,
				B1A7E0252040C0B100A9805C /* StreamProviderConfig.swift */,
			);
			name = data;
			sourceTree = "<group>";
		};
		B1D6A3911F90FE23006E1DBC /* clients */ = {
			isa = PBXGroup;
			children = (
				B10198A72030EC3500232EB6 /* adorable.io */,
				B1D6A3931F90FE3E006E1DBC /* google.com */,
				B1D6A3921F90FE31006E1DBC /* spotify.com */,
			);
			name = clients;
			sourceTree = "<group>";
		};
		B1D6A3921F90FE31006E1DBC /* spotify.com */ = {
			isa = PBXGroup;
			children = (
				B1B4A0BF1FFCBE8B00E83E92 /* _profile */,
				B13D6F001F91BD3D00486487 /* _events */,
				B13D6EFD1F91B6C500486487 /* _player */,
				B13D6EFC1F91B6AB00486487 /* _playlists */,
				B13D6F031F91BDC500486487 /* _session */,
				B1D6A3941F90FE6A006E1DBC /* SpotifyClient.swift */,
			);
			name = spotify.com;
			sourceTree = "<group>";
		};
		B1D6A3931F90FE3E006E1DBC /* google.com */ = {
			isa = PBXGroup;
			children = (
			);
			name = google.com;
			sourceTree = "<group>";
		};
		B1D6A3961F910F74006E1DBC /* extension */ = {
			isa = PBXGroup;
			children = (
				B1891D4B1FA74CAE009E463C /* Core */,
				B1D6A3971F910F94006E1DBC /* SpotifyPlaylist */,
			);
			name = extension;
			sourceTree = "<group>";
		};
		B1D6A3971F910F94006E1DBC /* SpotifyPlaylist */ = {
			isa = PBXGroup;
			children = (
				B1E2DA0B1F796BF400BA78E7 /* SPFPartialPlaylistExt.swift */,
			);
			name = SpotifyPlaylist;
			sourceTree = "<group>";
		};
		B1F88B741F7034BD0005FE43 /* resources */ = {
			isa = PBXGroup;
			children = (
				B1A620511F700D820093CAEF /* Assets.xcassets */,
				B1A620561F700D820093CAEF /* Info.plist */,
				B19C526C1F705C3F0064E1A5 /* Keys.plist */,
			);
			name = resources;
			sourceTree = "<group>";
		};
		B1F88B751F7034DA0005FE43 /* views */ = {
			isa = PBXGroup;
			children = (
				B1F88B801F7046190005FE43 /* partials */,
				B1A6204B1F700D820093CAEF /* Main.storyboard */,
				B1A620531F700D820093CAEF /* LaunchScreen.storyboard */,
			);
			name = views;
			sourceTree = "<group>";
		};
		B1F88B781F7045580005FE43 /* model */ = {
			isa = PBXGroup;
			children = (
				B1BD1EE61F7785F9001FC294 /* data */,
				B1D6A3911F90FE23006E1DBC /* clients */,
				B119C20C201C75E5009B78BF /* delegates */,
				B1F88B7A1F7045A40005FE43 /* common */,
			);
			name = model;
			sourceTree = "<group>";
		};
		B1F88B791F70458E0005FE43 /* controller */ = {
			isa = PBXGroup;
			children = (
				B18989281F72B95C00516A53 /* _playlists */,
				B18989271F72B95000516A53 /* _login */,
				B19C52691F7046700064E1A5 /* base */,
			);
			name = controller;
			sourceTree = "<group>";
		};
		B1F88B7A1F7045A40005FE43 /* common */ = {
			isa = PBXGroup;
			children = (
				B129B9332042CA5300D7F589 /* protocol */,
				B1F88B7B1F7045AD0005FE43 /* extension */,
			);
			name = common;
			sourceTree = "<group>";
		};
		B1F88B7B1F7045AD0005FE43 /* extension */ = {
			isa = PBXGroup;
			children = (
				B1F88B7C1F7045C10005FE43 /* UIColor.swift */,
				B1F88B7E1F7045E80005FE43 /* UIImage.swift */,
				B1A3D2451F8E3B660098330D /* String.swift */,
				B1BBECED1F93642B00BD9D39 /* UILabel.swift */,
				B17FC7CC1FF6508D00CA3166 /* CGDim.swift */,
				B1CDAA991FFE84DF008138F1 /* UITableView.swift */,
				B1CDAA9F2000D4F5008138F1 /* NSDate.swift */,
				B1B8DD25202E1EE3008CE9EB /* UIView.swift */,
				B1B8DD27202E5756008CE9EB /* Dictionary.swift */,
				B1A117A020F618B3002C4CA9 /* Integer.swift */,
			);
			name = extension;
			sourceTree = "<group>";
		};
		B1F88B801F7046190005FE43 /* partials */ = {
			isa = PBXGroup;
			children = (
				B1B8DD21202E189A008CE9EB /* PlaylistFilterNotification.xib */,
				B1B8DD23202E1A1F008CE9EB /* PlaylistFilterNotification.swift */,
				B1BBECE91F92488D00BD9D39 /* PlaylistTableCell.xib */,
				B1D4CE4B1F936A94005D8F50 /* PlaylistTableCell.swift */,
				B1CFA8AA1F93971C00F96FAC /* PlaylistTableFoldingCell.swift */,
				B10198AC20381AE900232EB6 /* PlaylistCollectionViewCell.swift */,
				B1D45004204AC5E300B1BAF4 /* PlaylistMusicIndicatorView.swift */,
				B1D45006204AC5F900B1BAF4 /* PlaylistMusicIndicatorContentView.swift */,
				B17FC7CE1FF918C700CA3166 /* BaseTriangleView.swift */,
				B11575C2205A7C5800C41F7D /* AppBaseNotification.xib */,
			);
			name = partials;
			sourceTree = "<group>";
		};
/* End PBXGroup section */

/* Begin PBXNativeTarget section */
		B1A620431F700D820093CAEF /* aqoo */ = {
			isa = PBXNativeTarget;
			buildConfigurationList = B1A6206F1F700D820093CAEF /* Build configuration list for PBXNativeTarget "aqoo" */;
			buildPhases = (
				326C574FCA04EA6DBCA7F81D /* [CP] Check Pods Manifest.lock */,
				B1A620401F700D820093CAEF /* Sources */,
				B1A620411F700D820093CAEF /* Frameworks */,
				B1A620421F700D820093CAEF /* Resources */,
				3D043C58ADD3FEA91F937EB8 /* [CP] Embed Pods Frameworks */,
			);
			buildRules = (
			);
			dependencies = (
			);
			name = aqoo;
			productName = aqoo;
			productReference = B1A620441F700D820093CAEF /* aqoo.app */;
			productType = "com.apple.product-type.application";
		};
		B1A6205A1F700D820093CAEF /* aqooTests */ = {
			isa = PBXNativeTarget;
			buildConfigurationList = B1A620721F700D820093CAEF /* Build configuration list for PBXNativeTarget "aqooTests" */;
			buildPhases = (
				B1A620571F700D820093CAEF /* Sources */,
				B1A620581F700D820093CAEF /* Frameworks */,
				B1A620591F700D820093CAEF /* Resources */,
			);
			buildRules = (
			);
			dependencies = (
				B1A6205D1F700D820093CAEF /* PBXTargetDependency */,
			);
			name = aqooTests;
			productName = aqooTests;
			productReference = B1A6205B1F700D820093CAEF /* aqooTests.xctest */;
			productType = "com.apple.product-type.bundle.unit-test";
		};
		B1A620651F700D820093CAEF /* aqooUITests */ = {
			isa = PBXNativeTarget;
			buildConfigurationList = B1A620751F700D820093CAEF /* Build configuration list for PBXNativeTarget "aqooUITests" */;
			buildPhases = (
				B1A620621F700D820093CAEF /* Sources */,
				B1A620631F700D820093CAEF /* Frameworks */,
				B1A620641F700D820093CAEF /* Resources */,
			);
			buildRules = (
			);
			dependencies = (
				B1A620681F700D820093CAEF /* PBXTargetDependency */,
			);
			name = aqooUITests;
			productName = aqooUITests;
			productReference = B1A620661F700D820093CAEF /* aqooUITests.xctest */;
			productType = "com.apple.product-type.bundle.ui-testing";
		};
/* End PBXNativeTarget section */

/* Begin PBXProject section */
		B1A6203C1F700D820093CAEF /* Project object */ = {
			isa = PBXProject;
			attributes = {
				LastSwiftUpdateCheck = 0830;
				LastUpgradeCheck = 0900;
				ORGANIZATIONNAME = "Patrick Paechnatz";
				TargetAttributes = {
					B1A620431F700D820093CAEF = {
						CreatedOnToolsVersion = 8.3.3;
						DevelopmentTeam = QYU36A8NKN;
						LastSwiftMigration = 0900;
						ProvisioningStyle = Automatic;
					};
					B1A6205A1F700D820093CAEF = {
						CreatedOnToolsVersion = 8.3.3;
						DevelopmentTeam = QYU36A8NKN;
						LastSwiftMigration = 0900;
						ProvisioningStyle = Automatic;
						TestTargetID = B1A620431F700D820093CAEF;
					};
					B1A620651F700D820093CAEF = {
						CreatedOnToolsVersion = 8.3.3;
						DevelopmentTeam = QYU36A8NKN;
						LastSwiftMigration = 0900;
						ProvisioningStyle = Automatic;
						TestTargetID = B1A620431F700D820093CAEF;
					};
				};
			};
			buildConfigurationList = B1A6203F1F700D820093CAEF /* Build configuration list for PBXProject "aqoo" */;
			compatibilityVersion = "Xcode 3.2";
			developmentRegion = English;
			hasScannedForEncodings = 0;
			knownRegions = (
				en,
				Base,
			);
			mainGroup = B1A6203B1F700D820093CAEF;
			productRefGroup = B1A620451F700D820093CAEF /* Products */;
			projectDirPath = "";
			projectRoot = "";
			targets = (
				B1A620431F700D820093CAEF /* aqoo */,
				B1A6205A1F700D820093CAEF /* aqooTests */,
				B1A620651F700D820093CAEF /* aqooUITests */,
			);
		};
/* End PBXProject section */

/* Begin PBXResourcesBuildPhase section */
		B1A620421F700D820093CAEF /* Resources */ = {
			isa = PBXResourcesBuildPhase;
			buildActionMask = 2147483647;
			files = (
				B19C526D1F705C3F0064E1A5 /* Keys.plist in Resources */,
				B1A620551F700D820093CAEF /* LaunchScreen.storyboard in Resources */,
				B1B8DD22202E189A008CE9EB /* PlaylistFilterNotification.xib in Resources */,
				B1A620521F700D820093CAEF /* Assets.xcassets in Resources */,
				B1BBECEA1F92488D00BD9D39 /* PlaylistTableCell.xib in Resources */,
				B11575C3205A7C5800C41F7D /* AppBaseNotification.xib in Resources */,
				B1A6204D1F700D820093CAEF /* Main.storyboard in Resources */,
			);
			runOnlyForDeploymentPostprocessing = 0;
		};
		B1A620591F700D820093CAEF /* Resources */ = {
			isa = PBXResourcesBuildPhase;
			buildActionMask = 2147483647;
			files = (
			);
			runOnlyForDeploymentPostprocessing = 0;
		};
		B1A620641F700D820093CAEF /* Resources */ = {
			isa = PBXResourcesBuildPhase;
			buildActionMask = 2147483647;
			files = (
			);
			runOnlyForDeploymentPostprocessing = 0;
		};
/* End PBXResourcesBuildPhase section */

/* Begin PBXShellScriptBuildPhase section */
		326C574FCA04EA6DBCA7F81D /* [CP] Check Pods Manifest.lock */ = {
			isa = PBXShellScriptBuildPhase;
			buildActionMask = 2147483647;
			files = (
			);
			inputPaths = (
				"${PODS_PODFILE_DIR_PATH}/Podfile.lock",
				"${PODS_ROOT}/Manifest.lock",
			);
			name = "[CP] Check Pods Manifest.lock";
			outputPaths = (
				"$(DERIVED_FILE_DIR)/Pods-aqoo-checkManifestLockResult.txt",
			);
			runOnlyForDeploymentPostprocessing = 0;
			shellPath = /bin/sh;
			shellScript = "diff \"${PODS_PODFILE_DIR_PATH}/Podfile.lock\" \"${PODS_ROOT}/Manifest.lock\" > /dev/null\nif [ $? != 0 ] ; then\n    # print error to STDERR\n    echo \"error: The sandbox is not in sync with the Podfile.lock. Run 'pod install' or update your CocoaPods installation.\" >&2\n    exit 1\nfi\n# This output is used by Xcode 'outputs' to avoid re-running this script phase.\necho \"SUCCESS\" > \"${SCRIPT_OUTPUT_FILE_0}\"\n";
			showEnvVarsInLog = 0;
		};
		3D043C58ADD3FEA91F937EB8 /* [CP] Embed Pods Frameworks */ = {
			isa = PBXShellScriptBuildPhase;
			buildActionMask = 2147483647;
			files = (
			);
			inputPaths = (
				"${SRCROOT}/Pods/Target Support Files/Pods-aqoo/Pods-aqoo-frameworks.sh",
				"${BUILT_PRODUCTS_DIR}/BGTableViewRowActionWithImage/BGTableViewRowActionWithImage.framework",
				"${BUILT_PRODUCTS_DIR}/CoreStore/CoreStore.framework",
				"${BUILT_PRODUCTS_DIR}/CryptoSwift/CryptoSwift.framework",
				"${BUILT_PRODUCTS_DIR}/FoldingCell/FoldingCell.framework",
				"${BUILT_PRODUCTS_DIR}/GradientLoadingBar/GradientLoadingBar.framework",
				"${BUILT_PRODUCTS_DIR}/Kingfisher/Kingfisher.framework",
				"${BUILT_PRODUCTS_DIR}/LetterAvatarKit/LetterAvatarKit.framework",
				"${BUILT_PRODUCTS_DIR}/MarqueeLabel/MarqueeLabel.framework",
				"${BUILT_PRODUCTS_DIR}/NotificationBannerSwift/NotificationBannerSwift.framework",
				"${BUILT_PRODUCTS_DIR}/PKHUD/PKHUD.framework",
				"${BUILT_PRODUCTS_DIR}/Persei/Persei.framework",
				"${BUILT_PRODUCTS_DIR}/Reachability/Reachability.framework",
				"${BUILT_PRODUCTS_DIR}/SnapKit/SnapKit.framework",
				"${BUILT_PRODUCTS_DIR}/Spotify-iOS-SDK/Spotify.framework",
				"${BUILT_PRODUCTS_DIR}/SwiftRandom/SwiftRandom.framework",
				"${BUILT_PRODUCTS_DIR}/WSTagsField/WSTagsField.framework",
				"${BUILT_PRODUCTS_DIR}/fluid-slider/fluid_slider.framework",
				"${BUILT_PRODUCTS_DIR}/pop/pop.framework",
			);
			name = "[CP] Embed Pods Frameworks";
			outputPaths = (
				"${TARGET_BUILD_DIR}/${FRAMEWORKS_FOLDER_PATH}/BGTableViewRowActionWithImage.framework",
				"${TARGET_BUILD_DIR}/${FRAMEWORKS_FOLDER_PATH}/CoreStore.framework",
				"${TARGET_BUILD_DIR}/${FRAMEWORKS_FOLDER_PATH}/CryptoSwift.framework",
				"${TARGET_BUILD_DIR}/${FRAMEWORKS_FOLDER_PATH}/FoldingCell.framework",
				"${TARGET_BUILD_DIR}/${FRAMEWORKS_FOLDER_PATH}/GradientLoadingBar.framework",
				"${TARGET_BUILD_DIR}/${FRAMEWORKS_FOLDER_PATH}/Kingfisher.framework",
				"${TARGET_BUILD_DIR}/${FRAMEWORKS_FOLDER_PATH}/LetterAvatarKit.framework",
				"${TARGET_BUILD_DIR}/${FRAMEWORKS_FOLDER_PATH}/MarqueeLabel.framework",
				"${TARGET_BUILD_DIR}/${FRAMEWORKS_FOLDER_PATH}/NotificationBannerSwift.framework",
				"${TARGET_BUILD_DIR}/${FRAMEWORKS_FOLDER_PATH}/PKHUD.framework",
				"${TARGET_BUILD_DIR}/${FRAMEWORKS_FOLDER_PATH}/Persei.framework",
				"${TARGET_BUILD_DIR}/${FRAMEWORKS_FOLDER_PATH}/Reachability.framework",
				"${TARGET_BUILD_DIR}/${FRAMEWORKS_FOLDER_PATH}/SnapKit.framework",
				"${TARGET_BUILD_DIR}/${FRAMEWORKS_FOLDER_PATH}/Spotify.framework",
				"${TARGET_BUILD_DIR}/${FRAMEWORKS_FOLDER_PATH}/SwiftRandom.framework",
				"${TARGET_BUILD_DIR}/${FRAMEWORKS_FOLDER_PATH}/WSTagsField.framework",
				"${TARGET_BUILD_DIR}/${FRAMEWORKS_FOLDER_PATH}/fluid_slider.framework",
				"${TARGET_BUILD_DIR}/${FRAMEWORKS_FOLDER_PATH}/pop.framework",
			);
			runOnlyForDeploymentPostprocessing = 0;
			shellPath = /bin/sh;
			shellScript = "\"${SRCROOT}/Pods/Target Support Files/Pods-aqoo/Pods-aqoo-frameworks.sh\"\n";
			showEnvVarsInLog = 0;
		};
/* End PBXShellScriptBuildPhase section */

/* Begin PBXSourcesBuildPhase section */
		B1A620401F700D820093CAEF /* Sources */ = {
			isa = PBXSourcesBuildPhase;
			buildActionMask = 2147483647;
			files = (
				B1B8DD26202E1EE3008CE9EB /* UIView.swift in Sources */,
				B18C61EE20FF6329003C41B4 /* PlaylistContentViewControllerExt.swift in Sources */,
				B13D6EFF1F91B8A300486487 /* SPFClientPlaylists.swift in Sources */,
				B1E2DA0C1F796BF400BA78E7 /* SPFPartialPlaylistExt.swift in Sources */,
				B1A620501F700D820093CAEF /* aqoo.xcdatamodeld in Sources */,
				B1CDAA9E1FFF74ED008138F1 /* PlaylistEditViewControllerExt.swift in Sources */,
				B1D33DD820D18B1000DCDC5F /* PlaylistEditViewThirdPage.swift in Sources */,
				B189892E1F72B9A800516A53 /* PlaylistViewControllerExt.swift in Sources */,
				B1CDAA9C1FFF74B4008138F1 /* PlaylistEditViewController.swift in Sources */,
				B1BBECEE1F93642B00BD9D39 /* UILabel.swift in Sources */,
				B1F367F520FE0B3300C3C21C /* PlaylistEditViewThirdPageExt.swift in Sources */,
				B1F88B7D1F7045C10005FE43 /* UIColor.swift in Sources */,
				B1C4B05320F4D05E00E43D89 /* PlaylistViewUpdateDelegate.swift in Sources */,
				B1D6A3951F90FE6A006E1DBC /* SpotifyClient.swift in Sources */,
				B1A3D2461F8E3B660098330D /* String.swift in Sources */,
				B159C3C120FF5A0E007A460E /* PlaylistContentViewController.swift in Sources */,
				B1CDAAA02000D4F5008138F1 /* NSDate.swift in Sources */,
				B1D33DD220D17F2D00DCDC5F /* PlaylistEditViewFirstPage.swift in Sources */,
				B1A6204A1F700D820093CAEF /* LoginViewController.swift in Sources */,
				B1A620481F700D820093CAEF /* AppDelegate.swift in Sources */,
				B1F88B731F7033450005FE43 /* PlaylistViewController.swift in Sources */,
				B13D6F021F91BD4E00486487 /* SPFEventNotifier.swift in Sources */,
				B1D33DD420D1822400DCDC5F /* BasePlaylistEditViewController.swift in Sources */,
				B1D33DD620D18AC100DCDC5F /* PlaylistEditViewSecondPage.swift in Sources */,
				B189D4F820165E7D005FC677 /* PlaylistEditViewDetailController.swift in Sources */,
				B1D45005204AC5E300B1BAF4 /* PlaylistMusicIndicatorView.swift in Sources */,
				B19C526F1F7060230064E1A5 /* BaseViewController.swift in Sources */,
				B17FC7CF1FF918C700CA3166 /* BaseTriangleView.swift in Sources */,
				B10198AD20381AE900232EB6 /* PlaylistCollectionViewCell.swift in Sources */,
				B1F88B7F1F7045E80005FE43 /* UIImage.swift in Sources */,
				B10198AB2038197400232EB6 /* PlaylistCollectionViewController.swift in Sources */,
				B1B8DD24202E1A1F008CE9EB /* PlaylistFilterNotification.swift in Sources */,
				B19DBB0F202A0FEF0072E79C /* StreamFilterMenuItem.swift in Sources */,
				B189D4FA20165ECB005FC677 /* PlaylistEditViewDetailControllerExt.swift in Sources */,
				B1D45007204AC5F900B1BAF4 /* PlaylistMusicIndicatorContentView.swift in Sources */,
				B1A7E0262040C0B100A9805C /* StreamProviderConfig.swift in Sources */,
				B1C4B05120F48AB600E43D89 /* StreamPlayListTags.swift in Sources */,
				B1F367F120FE083F00C3C21C /* PlaylistEditViewFirstPageExt.swift in Sources */,
				B1F367F320FE0AAD00C3C21C /* PlaylistEditViewSecondPageExt.swift in Sources */,
				B1D33DD020D17A3800DCDC5F /* PlaylistEditViewTabBarController.swift in Sources */,
				B1CFA8AB1F93971C00F96FAC /* PlaylistTableFoldingCell.swift in Sources */,
				B1BD1EEA1F778646001FC294 /* StreamProvider.swift in Sources */,
				B1D4CE4C1F936A94005D8F50 /* PlaylistTableCell.swift in Sources */,
				B1B8DD28202E5756008CE9EB /* Dictionary.swift in Sources */,
				B1CDAA9A1FFE84DF008138F1 /* UITableView.swift in Sources */,
				B1BD1EE81F778621001FC294 /* StreamPlayList.swift in Sources */,
				B1A117A120F618B3002C4CA9 /* Integer.swift in Sources */,
				B17FC7CD1FF6508D00CA3166 /* CGDim.swift in Sources */,
				B189892B1F72B98600516A53 /* LoginViewControllerExt.swift in Sources */,
				B10198AF20381B1A00232EB6 /* PlaylistCollectionViewControllerExt.swift in Sources */,
				B1D4EAB61F71683200939998 /* WebViewController.swift in Sources */,
			);
			runOnlyForDeploymentPostprocessing = 0;
		};
		B1A620571F700D820093CAEF /* Sources */ = {
			isa = PBXSourcesBuildPhase;
			buildActionMask = 2147483647;
			files = (
				B1A620601F700D820093CAEF /* aqooTests.swift in Sources */,
			);
			runOnlyForDeploymentPostprocessing = 0;
		};
		B1A620621F700D820093CAEF /* Sources */ = {
			isa = PBXSourcesBuildPhase;
			buildActionMask = 2147483647;
			files = (
				B1A6206B1F700D820093CAEF /* aqooUITests.swift in Sources */,
			);
			runOnlyForDeploymentPostprocessing = 0;
		};
/* End PBXSourcesBuildPhase section */

/* Begin PBXTargetDependency section */
		B1A6205D1F700D820093CAEF /* PBXTargetDependency */ = {
			isa = PBXTargetDependency;
			target = B1A620431F700D820093CAEF /* aqoo */;
			targetProxy = B1A6205C1F700D820093CAEF /* PBXContainerItemProxy */;
		};
		B1A620681F700D820093CAEF /* PBXTargetDependency */ = {
			isa = PBXTargetDependency;
			target = B1A620431F700D820093CAEF /* aqoo */;
			targetProxy = B1A620671F700D820093CAEF /* PBXContainerItemProxy */;
		};
/* End PBXTargetDependency section */

/* Begin PBXVariantGroup section */
		B1A6204B1F700D820093CAEF /* Main.storyboard */ = {
			isa = PBXVariantGroup;
			children = (
				B1A6204C1F700D820093CAEF /* Base */,
			);
			name = Main.storyboard;
			sourceTree = "<group>";
		};
		B1A620531F700D820093CAEF /* LaunchScreen.storyboard */ = {
			isa = PBXVariantGroup;
			children = (
				B1A620541F700D820093CAEF /* Base */,
			);
			name = LaunchScreen.storyboard;
			sourceTree = "<group>";
		};
/* End PBXVariantGroup section */

/* Begin XCBuildConfiguration section */
		B1A6206D1F700D820093CAEF /* Debug */ = {
			isa = XCBuildConfiguration;
			buildSettings = {
				ALWAYS_SEARCH_USER_PATHS = NO;
				CLANG_ANALYZER_NONNULL = YES;
				CLANG_ANALYZER_NUMBER_OBJECT_CONVERSION = YES_AGGRESSIVE;
				CLANG_CXX_LANGUAGE_STANDARD = "gnu++0x";
				CLANG_CXX_LIBRARY = "libc++";
				CLANG_ENABLE_MODULES = YES;
				CLANG_ENABLE_OBJC_ARC = YES;
				CLANG_WARN_BLOCK_CAPTURE_AUTORELEASING = YES;
				CLANG_WARN_BOOL_CONVERSION = YES;
				CLANG_WARN_COMMA = YES;
				CLANG_WARN_CONSTANT_CONVERSION = YES;
				CLANG_WARN_DIRECT_OBJC_ISA_USAGE = YES_ERROR;
				CLANG_WARN_DOCUMENTATION_COMMENTS = YES;
				CLANG_WARN_EMPTY_BODY = YES;
				CLANG_WARN_ENUM_CONVERSION = YES;
				CLANG_WARN_INFINITE_RECURSION = YES;
				CLANG_WARN_INT_CONVERSION = YES;
				CLANG_WARN_NON_LITERAL_NULL_CONVERSION = YES;
				CLANG_WARN_OBJC_LITERAL_CONVERSION = YES;
				CLANG_WARN_OBJC_ROOT_CLASS = YES_ERROR;
				CLANG_WARN_RANGE_LOOP_ANALYSIS = YES;
				CLANG_WARN_STRICT_PROTOTYPES = YES;
				CLANG_WARN_SUSPICIOUS_MOVE = YES;
				CLANG_WARN_UNREACHABLE_CODE = YES;
				CLANG_WARN__DUPLICATE_METHOD_MATCH = YES;
				"CODE_SIGN_IDENTITY[sdk=iphoneos*]" = "iPhone Developer";
				COPY_PHASE_STRIP = NO;
				DEBUG_INFORMATION_FORMAT = dwarf;
				ENABLE_STRICT_OBJC_MSGSEND = YES;
				ENABLE_TESTABILITY = YES;
				GCC_C_LANGUAGE_STANDARD = gnu99;
				GCC_DYNAMIC_NO_PIC = NO;
				GCC_NO_COMMON_BLOCKS = YES;
				GCC_OPTIMIZATION_LEVEL = 0;
				GCC_PREPROCESSOR_DEFINITIONS = (
					"DEBUG=1",
					"$(inherited)",
				);
				GCC_WARN_64_TO_32_BIT_CONVERSION = YES;
				GCC_WARN_ABOUT_RETURN_TYPE = YES_ERROR;
				GCC_WARN_UNDECLARED_SELECTOR = YES;
				GCC_WARN_UNINITIALIZED_AUTOS = YES_AGGRESSIVE;
				GCC_WARN_UNUSED_FUNCTION = YES;
				GCC_WARN_UNUSED_VARIABLE = YES;
				IPHONEOS_DEPLOYMENT_TARGET = 11.0;
				MTL_ENABLE_DEBUG_INFO = YES;
				ONLY_ACTIVE_ARCH = YES;
				SDKROOT = iphoneos;
				SWIFT_ACTIVE_COMPILATION_CONDITIONS = DEBUG;
				SWIFT_OPTIMIZATION_LEVEL = "-Onone";
				SWIFT_SUPPRESS_WARNINGS = YES;
				SWIFT_SWIFT3_OBJC_INFERENCE = Default;
				SWIFT_VERSION = 4.0;
				TARGETED_DEVICE_FAMILY = "1,2";
			};
			name = Debug;
		};
		B1A6206E1F700D820093CAEF /* Release */ = {
			isa = XCBuildConfiguration;
			buildSettings = {
				ALWAYS_SEARCH_USER_PATHS = NO;
				CLANG_ANALYZER_NONNULL = YES;
				CLANG_ANALYZER_NUMBER_OBJECT_CONVERSION = YES_AGGRESSIVE;
				CLANG_CXX_LANGUAGE_STANDARD = "gnu++0x";
				CLANG_CXX_LIBRARY = "libc++";
				CLANG_ENABLE_MODULES = YES;
				CLANG_ENABLE_OBJC_ARC = YES;
				CLANG_WARN_BLOCK_CAPTURE_AUTORELEASING = YES;
				CLANG_WARN_BOOL_CONVERSION = YES;
				CLANG_WARN_COMMA = YES;
				CLANG_WARN_CONSTANT_CONVERSION = YES;
				CLANG_WARN_DIRECT_OBJC_ISA_USAGE = YES_ERROR;
				CLANG_WARN_DOCUMENTATION_COMMENTS = YES;
				CLANG_WARN_EMPTY_BODY = YES;
				CLANG_WARN_ENUM_CONVERSION = YES;
				CLANG_WARN_INFINITE_RECURSION = YES;
				CLANG_WARN_INT_CONVERSION = YES;
				CLANG_WARN_NON_LITERAL_NULL_CONVERSION = YES;
				CLANG_WARN_OBJC_LITERAL_CONVERSION = YES;
				CLANG_WARN_OBJC_ROOT_CLASS = YES_ERROR;
				CLANG_WARN_RANGE_LOOP_ANALYSIS = YES;
				CLANG_WARN_STRICT_PROTOTYPES = YES;
				CLANG_WARN_SUSPICIOUS_MOVE = YES;
				CLANG_WARN_UNREACHABLE_CODE = YES;
				CLANG_WARN__DUPLICATE_METHOD_MATCH = YES;
				"CODE_SIGN_IDENTITY[sdk=iphoneos*]" = "iPhone Developer";
				COPY_PHASE_STRIP = NO;
				DEBUG_INFORMATION_FORMAT = "dwarf-with-dsym";
				ENABLE_NS_ASSERTIONS = NO;
				ENABLE_STRICT_OBJC_MSGSEND = YES;
				GCC_C_LANGUAGE_STANDARD = gnu99;
				GCC_NO_COMMON_BLOCKS = YES;
				GCC_WARN_64_TO_32_BIT_CONVERSION = YES;
				GCC_WARN_ABOUT_RETURN_TYPE = YES_ERROR;
				GCC_WARN_UNDECLARED_SELECTOR = YES;
				GCC_WARN_UNINITIALIZED_AUTOS = YES_AGGRESSIVE;
				GCC_WARN_UNUSED_FUNCTION = YES;
				GCC_WARN_UNUSED_VARIABLE = YES;
				IPHONEOS_DEPLOYMENT_TARGET = 11.0;
				MTL_ENABLE_DEBUG_INFO = NO;
				SDKROOT = iphoneos;
				SWIFT_OPTIMIZATION_LEVEL = "-Owholemodule";
				SWIFT_SUPPRESS_WARNINGS = YES;
				SWIFT_SWIFT3_OBJC_INFERENCE = Default;
				SWIFT_VERSION = 4.0;
				TARGETED_DEVICE_FAMILY = "1,2";
				VALIDATE_PRODUCT = YES;
			};
			name = Release;
		};
		B1A620701F700D820093CAEF /* Debug */ = {
			isa = XCBuildConfiguration;
			baseConfigurationReference = FF148C225F4CDC81757308B8 /* Pods-aqoo.debug.xcconfig */;
			buildSettings = {
				ASSETCATALOG_COMPILER_APPICON_NAME = AppIcon;
				DEVELOPMENT_TEAM = QYU36A8NKN;
				INFOPLIST_FILE = aqoo/Info.plist;
				LD_RUNPATH_SEARCH_PATHS = "$(inherited) @executable_path/Frameworks";
				PRODUCT_BUNDLE_IDENTIFIER = com.dunkelfrosch.ios.aqoo;
				PRODUCT_NAME = "$(TARGET_NAME)";
				SWIFT_SWIFT3_OBJC_INFERENCE = Default;
				SWIFT_VERSION = 4.0;
			};
			name = Debug;
		};
		B1A620711F700D820093CAEF /* Release */ = {
			isa = XCBuildConfiguration;
			baseConfigurationReference = 670C25FE154DA39F400F13F6 /* Pods-aqoo.release.xcconfig */;
			buildSettings = {
				ASSETCATALOG_COMPILER_APPICON_NAME = AppIcon;
				DEVELOPMENT_TEAM = QYU36A8NKN;
				INFOPLIST_FILE = aqoo/Info.plist;
				LD_RUNPATH_SEARCH_PATHS = "$(inherited) @executable_path/Frameworks";
				PRODUCT_BUNDLE_IDENTIFIER = com.dunkelfrosch.ios.aqoo;
				PRODUCT_NAME = "$(TARGET_NAME)";
				SWIFT_SWIFT3_OBJC_INFERENCE = Default;
				SWIFT_VERSION = 4.0;
			};
			name = Release;
		};
		B1A620731F700D820093CAEF /* Debug */ = {
			isa = XCBuildConfiguration;
			buildSettings = {
				ALWAYS_EMBED_SWIFT_STANDARD_LIBRARIES = YES;
				BUNDLE_LOADER = "$(TEST_HOST)";
				DEVELOPMENT_TEAM = QYU36A8NKN;
				INFOPLIST_FILE = aqooTests/Info.plist;
				LD_RUNPATH_SEARCH_PATHS = "$(inherited) @executable_path/Frameworks @loader_path/Frameworks";
				PRODUCT_BUNDLE_IDENTIFIER = com.dunkelfrosch.ios.aqooTests;
				PRODUCT_NAME = "$(TARGET_NAME)";
				SWIFT_SWIFT3_OBJC_INFERENCE = Default;
				SWIFT_VERSION = 4.0;
				TEST_HOST = "$(BUILT_PRODUCTS_DIR)/aqoo.app/aqoo";
			};
			name = Debug;
		};
		B1A620741F700D820093CAEF /* Release */ = {
			isa = XCBuildConfiguration;
			buildSettings = {
				ALWAYS_EMBED_SWIFT_STANDARD_LIBRARIES = YES;
				BUNDLE_LOADER = "$(TEST_HOST)";
				DEVELOPMENT_TEAM = QYU36A8NKN;
				INFOPLIST_FILE = aqooTests/Info.plist;
				LD_RUNPATH_SEARCH_PATHS = "$(inherited) @executable_path/Frameworks @loader_path/Frameworks";
				PRODUCT_BUNDLE_IDENTIFIER = com.dunkelfrosch.ios.aqooTests;
				PRODUCT_NAME = "$(TARGET_NAME)";
				SWIFT_SWIFT3_OBJC_INFERENCE = Default;
				SWIFT_VERSION = 4.0;
				TEST_HOST = "$(BUILT_PRODUCTS_DIR)/aqoo.app/aqoo";
			};
			name = Release;
		};
		B1A620761F700D820093CAEF /* Debug */ = {
			isa = XCBuildConfiguration;
			buildSettings = {
				ALWAYS_EMBED_SWIFT_STANDARD_LIBRARIES = YES;
				DEVELOPMENT_TEAM = QYU36A8NKN;
				INFOPLIST_FILE = aqooUITests/Info.plist;
				LD_RUNPATH_SEARCH_PATHS = "$(inherited) @executable_path/Frameworks @loader_path/Frameworks";
				PRODUCT_BUNDLE_IDENTIFIER = com.dunkelfrosch.ios.aqooUITests;
				PRODUCT_NAME = "$(TARGET_NAME)";
				SWIFT_SWIFT3_OBJC_INFERENCE = Default;
				SWIFT_VERSION = 4.0;
				TEST_TARGET_NAME = aqoo;
			};
			name = Debug;
		};
		B1A620771F700D820093CAEF /* Release */ = {
			isa = XCBuildConfiguration;
			buildSettings = {
				ALWAYS_EMBED_SWIFT_STANDARD_LIBRARIES = YES;
				DEVELOPMENT_TEAM = QYU36A8NKN;
				INFOPLIST_FILE = aqooUITests/Info.plist;
				LD_RUNPATH_SEARCH_PATHS = "$(inherited) @executable_path/Frameworks @loader_path/Frameworks";
				PRODUCT_BUNDLE_IDENTIFIER = com.dunkelfrosch.ios.aqooUITests;
				PRODUCT_NAME = "$(TARGET_NAME)";
				SWIFT_SWIFT3_OBJC_INFERENCE = Default;
				SWIFT_VERSION = 4.0;
				TEST_TARGET_NAME = aqoo;
			};
			name = Release;
		};
/* End XCBuildConfiguration section */

/* Begin XCConfigurationList section */
		B1A6203F1F700D820093CAEF /* Build configuration list for PBXProject "aqoo" */ = {
			isa = XCConfigurationList;
			buildConfigurations = (
				B1A6206D1F700D820093CAEF /* Debug */,
				B1A6206E1F700D820093CAEF /* Release */,
			);
			defaultConfigurationIsVisible = 0;
			defaultConfigurationName = Release;
		};
		B1A6206F1F700D820093CAEF /* Build configuration list for PBXNativeTarget "aqoo" */ = {
			isa = XCConfigurationList;
			buildConfigurations = (
				B1A620701F700D820093CAEF /* Debug */,
				B1A620711F700D820093CAEF /* Release */,
			);
			defaultConfigurationIsVisible = 0;
			defaultConfigurationName = Release;
		};
		B1A620721F700D820093CAEF /* Build configuration list for PBXNativeTarget "aqooTests" */ = {
			isa = XCConfigurationList;
			buildConfigurations = (
				B1A620731F700D820093CAEF /* Debug */,
				B1A620741F700D820093CAEF /* Release */,
			);
			defaultConfigurationIsVisible = 0;
			defaultConfigurationName = Release;
		};
		B1A620751F700D820093CAEF /* Build configuration list for PBXNativeTarget "aqooUITests" */ = {
			isa = XCConfigurationList;
			buildConfigurations = (
				B1A620761F700D820093CAEF /* Debug */,
				B1A620771F700D820093CAEF /* Release */,
			);
			defaultConfigurationIsVisible = 0;
			defaultConfigurationName = Release;
		};
/* End XCConfigurationList section */

/* Begin XCVersionGroup section */
		B1A6204E1F700D820093CAEF /* aqoo.xcdatamodeld */ = {
			isa = XCVersionGroup;
			children = (
				B1A6204F1F700D820093CAEF /* aqoo.xcdatamodel */,
			);
			currentVersion = B1A6204F1F700D820093CAEF /* aqoo.xcdatamodel */;
			path = aqoo.xcdatamodeld;
			sourceTree = "<group>";
			versionGroupType = wrapper.xcdatamodel;
		};
/* End XCVersionGroup section */
	};
	rootObject = B1A6203C1F700D820093CAEF /* Project object */;
}
